// !$*UTF8*$!
{
	archiveVersion = 1;
	classes = {
	};
	objectVersion = 46;
	objects = {

/* Begin PBXBuildFile section */
		5ED36EE119F9814F005495D3 /* AppDelegate.swift in Sources */ = {isa = PBXBuildFile; fileRef = 5ED36EE019F9814F005495D3 /* AppDelegate.swift */; };
		5ED36EE319F9814F005495D3 /* ViewController.swift in Sources */ = {isa = PBXBuildFile; fileRef = 5ED36EE219F9814F005495D3 /* ViewController.swift */; };
		5ED36EE619F9814F005495D3 /* Main.storyboard in Resources */ = {isa = PBXBuildFile; fileRef = 5ED36EE419F9814F005495D3 /* Main.storyboard */; };
		5ED36EE819F9814F005495D3 /* Images.xcassets in Resources */ = {isa = PBXBuildFile; fileRef = 5ED36EE719F9814F005495D3 /* Images.xcassets */; };
		5ED36EEB19F9814F005495D3 /* LaunchScreen.xib in Resources */ = {isa = PBXBuildFile; fileRef = 5ED36EE919F9814F005495D3 /* LaunchScreen.xib */; };
		5ED36EF719F9814F005495D3 /* NerdfeedTests.swift in Sources */ = {isa = PBXBuildFile; fileRef = 5ED36EF619F9814F005495D3 /* NerdfeedTests.swift */; };
/* End PBXBuildFile section */

/* Begin PBXContainerItemProxy section */
		5ED36EF119F9814F005495D3 /* PBXContainerItemProxy */ = {
			isa = PBXContainerItemProxy;
			containerPortal = 5ED36ED319F9814F005495D3 /* Project object */;
			proxyType = 1;
			remoteGlobalIDString = 5ED36EDA19F9814F005495D3;
			remoteInfo = Nerdfeed;
		};
/* End PBXContainerItemProxy section */

/* Begin PBXFileReference section */
		5ED36EDB19F9814F005495D3 /* Nerdfeed.app */ = {isa = PBXFileReference; explicitFileType = wrapper.application; includeInIndex = 0; path = Nerdfeed.app; sourceTree = BUILT_PRODUCTS_DIR; };
		5ED36EDF19F9814F005495D3 /* Info.plist */ = {isa = PBXFileReference; lastKnownFileType = text.plist.xml; path = Info.plist; sourceTree = "<group>"; };
		5ED36EE019F9814F005495D3 /* AppDelegate.swift */ = {isa = PBXFileReference; lastKnownFileType = sourcecode.swift; path = AppDelegate.swift; sourceTree = "<group>"; };
		5ED36EE219F9814F005495D3 /* ViewController.swift */ = {isa = PBXFileReference; lastKnownFileType = sourcecode.swift; path = ViewController.swift; sourceTree = "<group>"; };
		5ED36EE519F9814F005495D3 /* Base */ = {isa = PBXFileReference; lastKnownFileType = file.storyboard; name = Base; path = Base.lproj/Main.storyboard; sourceTree = "<group>"; };
		5ED36EE719F9814F005495D3 /* Images.xcassets */ = {isa = PBXFileReference; lastKnownFileType = folder.assetcatalog; path = Images.xcassets; sourceTree = "<group>"; };
		5ED36EEA19F9814F005495D3 /* Base */ = {isa = PBXFileReference; lastKnownFileType = file.xib; name = Base; path = Base.lproj/LaunchScreen.xib; sourceTree = "<group>"; };
		5ED36EF019F9814F005495D3 /* NerdfeedTests.xctest */ = {isa = PBXFileReference; explicitFileType = wrapper.cfbundle; includeInIndex = 0; path = NerdfeedTests.xctest; sourceTree = BUILT_PRODUCTS_DIR; };
		5ED36EF519F9814F005495D3 /* Info.plist */ = {isa = PBXFileReference; lastKnownFileType = text.plist.xml; path = Info.plist; sourceTree = "<group>"; };
		5ED36EF619F9814F005495D3 /* NerdfeedTests.swift */ = {isa = PBXFileReference; lastKnownFileType = sourcecode.swift; path = NerdfeedTests.swift; sourceTree = "<group>"; };
/* End PBXFileReference section */

/* Begin PBXFrameworksBuildPhase section */
		5ED36ED819F9814F005495D3 /* Frameworks */ = {
			isa = PBXFrameworksBuildPhase;
			buildActionMask = 2147483647;
			files = (
			);
			runOnlyForDeploymentPostprocessing = 0;
		};
		5ED36EED19F9814F005495D3 /* Frameworks */ = {
			isa = PBXFrameworksBuildPhase;
			buildActionMask = 2147483647;
			files = (
			);
			runOnlyForDeploymentPostprocessing = 0;
		};
/* End PBXFrameworksBuildPhase section */

/* Begin PBXGroup section */
		5ED36ED219F9814F005495D3 = {
			isa = PBXGroup;
			children = (
				5ED36EDD19F9814F005495D3 /* Nerdfeed */,
				5ED36EF319F9814F005495D3 /* NerdfeedTests */,
				5ED36EDC19F9814F005495D3 /* Products */,
			);
			sourceTree = "<group>";
		};
		5ED36EDC19F9814F005495D3 /* Products */ = {
			isa = PBXGroup;
			children = (
				5ED36EDB19F9814F005495D3 /* Nerdfeed.app */,
				5ED36EF019F9814F005495D3 /* NerdfeedTests.xctest */,
			);
			name = Products;
			sourceTree = "<group>";
		};
		5ED36EDD19F9814F005495D3 /* Nerdfeed */ = {
			isa = PBXGroup;
			children = (
				5ED36EE019F9814F005495D3 /* AppDelegate.swift */,
				5ED36EE219F9814F005495D3 /* ViewController.swift */,
				5ED36EE419F9814F005495D3 /* Main.storyboard */,
				5ED36EE719F9814F005495D3 /* Images.xcassets */,
				5ED36EE919F9814F005495D3 /* LaunchScreen.xib */,
				5ED36EDE19F9814F005495D3 /* Supporting Files */,
			);
			path = Nerdfeed;
			sourceTree = "<group>";
		};
		5ED36EDE19F9814F005495D3 /* Supporting Files */ = {
			isa = PBXGroup;
			children = (
				5ED36EDF19F9814F005495D3 /* Info.plist */,
			);
			name = "Supporting Files";
			sourceTree = "<group>";
		};
		5ED36EF319F9814F005495D3 /* NerdfeedTests */ = {
			isa = PBXGroup;
			children = (
				5ED36EF619F9814F005495D3 /* NerdfeedTests.swift */,
				5ED36EF419F9814F005495D3 /* Supporting Files */,
			);
			path = NerdfeedTests;
			sourceTree = "<group>";
		};
		5ED36EF419F9814F005495D3 /* Supporting Files */ = {
			isa = PBXGroup;
			children = (
				5ED36EF519F9814F005495D3 /* Info.plist */,
			);
			name = "Supporting Files";
			sourceTree = "<group>";
		};
/* End PBXGroup section */

/* Begin PBXNativeTarget section */
		5ED36EDA19F9814F005495D3 /* Nerdfeed */ = {
			isa = PBXNativeTarget;
			buildConfigurationList = 5ED36EFA19F9814F005495D3 /* Build configuration list for PBXNativeTarget "Nerdfeed" */;
			buildPhases = (
				5ED36ED719F9814F005495D3 /* Sources */,
				5ED36ED819F9814F005495D3 /* Frameworks */,
				5ED36ED919F9814F005495D3 /* Resources */,
			);
			buildRules = (
			);
			dependencies = (
			);
			name = Nerdfeed;
			productName = Nerdfeed;
			productReference = 5ED36EDB19F9814F005495D3 /* Nerdfeed.app */;
			productType = "com.apple.product-type.application";
		};
		5ED36EEF19F9814F005495D3 /* NerdfeedTests */ = {
			isa = PBXNativeTarget;
			buildConfigurationList = 5ED36EFD19F9814F005495D3 /* Build configuration list for PBXNativeTarget "NerdfeedTests" */;
			buildPhases = (
				5ED36EEC19F9814F005495D3 /* Sources */,
				5ED36EED19F9814F005495D3 /* Frameworks */,
				5ED36EEE19F9814F005495D3 /* Resources */,
			);
			buildRules = (
			);
			dependencies = (
				5ED36EF219F9814F005495D3 /* PBXTargetDependency */,
			);
			name = NerdfeedTests;
			productName = NerdfeedTests;
			productReference = 5ED36EF019F9814F005495D3 /* NerdfeedTests.xctest */;
			productType = "com.apple.product-type.bundle.unit-test";
		};
/* End PBXNativeTarget section */

/* Begin PBXProject section */
		5ED36ED319F9814F005495D3 /* Project object */ = {
			isa = PBXProject;
			attributes = {
				LastUpgradeCheck = 0610;
				ORGANIZATIONNAME = "Troy Abel";
				TargetAttributes = {
					5ED36EDA19F9814F005495D3 = {
						CreatedOnToolsVersion = 6.1;
					};
					5ED36EEF19F9814F005495D3 = {
						CreatedOnToolsVersion = 6.1;
						TestTargetID = 5ED36EDA19F9814F005495D3;
					};
				};
			};
			buildConfigurationList = 5ED36ED619F9814F005495D3 /* Build configuration list for PBXProject "Nerdfeed" */;
			compatibilityVersion = "Xcode 3.2";
			developmentRegion = English;
			hasScannedForEncodings = 0;
			knownRegions = (
				en,
				Base,
			);
			mainGroup = 5ED36ED219F9814F005495D3;
			productRefGroup = 5ED36EDC19F9814F005495D3 /* Products */;
			projectDirPath = "";
			projectRoot = "";
			targets = (
				5ED36EDA19F9814F005495D3 /* Nerdfeed */,
				5ED36EEF19F9814F005495D3 /* NerdfeedTests */,
			);
		};
/* End PBXProject section */

/* Begin PBXResourcesBuildPhase section */
		5ED36ED919F9814F005495D3 /* Resources */ = {
			isa = PBXResourcesBuildPhase;
			buildActionMask = 2147483647;
			files = (
				5ED36EE619F9814F005495D3 /* Main.storyboard in Resources */,
				5ED36EEB19F9814F005495D3 /* LaunchScreen.xib in Resources */,
				5ED36EE819F9814F005495D3 /* Images.xcassets in Resources */,
			);
			runOnlyForDeploymentPostprocessing = 0;
		};
		5ED36EEE19F9814F005495D3 /* Resources */ = {
			isa = PBXResourcesBuildPhase;
			buildActionMask = 2147483647;
			files = (
			);
			runOnlyForDeploymentPostprocessing = 0;
		};
/* End PBXResourcesBuildPhase section */

/* Begin PBXSourcesBuildPhase section */
		5ED36ED719F9814F005495D3 /* Sources */ = {
			isa = PBXSourcesBuildPhase;
			buildActionMask = 2147483647;
			files = (
				5ED36EE319F9814F005495D3 /* ViewController.swift in Sources */,
				5ED36EE119F9814F005495D3 /* AppDelegate.swift in Sources */,
			);
			runOnlyForDeploymentPostprocessing = 0;
		};
		5ED36EEC19F9814F005495D3 /* Sources */ = {
			isa = PBXSourcesBuildPhase;
			buildActionMask = 2147483647;
			files = (
				5ED36EF719F9814F005495D3 /* NerdfeedTests.swift in Sources */,
			);
			runOnlyForDeploymentPostprocessing = 0;
		};
/* End PBXSourcesBuildPhase section */

/* Begin PBXTargetDependency section */
		5ED36EF219F9814F005495D3 /* PBXTargetDependency */ = {
			isa = PBXTargetDependency;
			target = 5ED36EDA19F9814F005495D3 /* Nerdfeed */;
			targetProxy = 5ED36EF119F9814F005495D3 /* PBXContainerItemProxy */;
		};
/* End PBXTargetDependency section */

/* Begin PBXVariantGroup section */
		5ED36EE419F9814F005495D3 /* Main.storyboard */ = {
			isa = PBXVariantGroup;
			children = (
				5ED36EE519F9814F005495D3 /* Base */,
			);
			name = Main.storyboard;
			sourceTree = "<group>";
		};
		5ED36EE919F9814F005495D3 /* LaunchScreen.xib */ = {
			isa = PBXVariantGroup;
			children = (
				5ED36EEA19F9814F005495D3 /* Base */,
			);
			name = LaunchScreen.xib;
			sourceTree = "<group>";
		};
/* End PBXVariantGroup section */

/* Begin XCBuildConfiguration section */
		5ED36EF819F9814F005495D3 /* Debug */ = {
			isa = XCBuildConfiguration;
			buildSettings = {
				ALWAYS_SEARCH_USER_PATHS = NO;
				CLANG_CXX_LANGUAGE_STANDARD = "gnu++0x";
				CLANG_CXX_LIBRARY = "libc++";
				CLANG_ENABLE_MODULES = YES;
				CLANG_ENABLE_OBJC_ARC = YES;
				CLANG_WARN_BOOL_CONVERSION = YES;
				CLANG_WARN_CONSTANT_CONVERSION = YES;
				CLANG_WARN_DIRECT_OBJC_ISA_USAGE = YES_ERROR;
				CLANG_WARN_EMPTY_BODY = YES;
				CLANG_WARN_ENUM_CONVERSION = YES;
				CLANG_WARN_INT_CONVERSION = YES;
				CLANG_WARN_OBJC_ROOT_CLASS = YES_ERROR;
				CLANG_WARN_UNREACHABLE_CODE = YES;
				CLANG_WARN__DUPLICATE_METHOD_MATCH = YES;
				"CODE_SIGN_IDENTITY[sdk=iphoneos*]" = "iPhone Developer";
				COPY_PHASE_STRIP = NO;
				ENABLE_STRICT_OBJC_MSGSEND = YES;
				GCC_C_LANGUAGE_STANDARD = gnu99;
				GCC_DYNAMIC_NO_PIC = NO;
				GCC_OPTIMIZATION_LEVEL = 0;
				GCC_PREPROCESSOR_DEFINITIONS = (
					"DEBUG=1",
					"$(inherited)",
				);
				GCC_SYMBOLS_PRIVATE_EXTERN = NO;
				GCC_WARN_64_TO_32_BIT_CONVERSION = YES;
				GCC_WARN_ABOUT_RETURN_TYPE = YES_ERROR;
				GCC_WARN_UNDECLARED_SELECTOR = YES;
				GCC_WARN_UNINITIALIZED_AUTOS = YES_AGGRESSIVE;
				GCC_WARN_UNUSED_FUNCTION = YES;
				GCC_WARN_UNUSED_VARIABLE = YES;
				IPHONEOS_DEPLOYMENT_TARGET = 8.1;
				MTL_ENABLE_DEBUG_INFO = YES;
				ONLY_ACTIVE_ARCH = YES;
				SDKROOT = iphoneos;
				SWIFT_OPTIMIZATION_LEVEL = "-Onone";
				TARGETED_DEVICE_FAMILY = "1,2";
			};
			name = Debug;
		};
		5ED36EF919F9814F005495D3 /* Release */ = {
			isa = XCBuildConfiguration;
			buildSettings = {
				ALWAYS_SEARCH_USER_PATHS = NO;
				CLANG_CXX_LANGUAGE_STANDARD = "gnu++0x";
				CLANG_CXX_LIBRARY = "libc++";
				CLANG_ENABLE_MODULES = YES;
				CLANG_ENABLE_OBJC_ARC = YES;
				CLANG_WARN_BOOL_CONVERSION = YES;
				CLANG_WARN_CONSTANT_CONVERSION = YES;
				CLANG_WARN_DIRECT_OBJC_ISA_USAGE = YES_ERROR;
				CLANG_WARN_EMPTY_BODY = YES;
				CLANG_WARN_ENUM_CONVERSION = YES;
				CLANG_WARN_INT_CONVERSION = YES;
				CLANG_WARN_OBJC_ROOT_CLASS = YES_ERROR;
				CLANG_WARN_UNREACHABLE_CODE = YES;
				CLANG_WARN__DUPLICATE_METHOD_MATCH = YES;
				"CODE_SIGN_IDENTITY[sdk=iphoneos*]" = "iPhone Developer";
				COPY_PHASE_STRIP = YES;
				ENABLE_NS_ASSERTIONS = NO;
				ENABLE_STRICT_OBJC_MSGSEND = YES;
				GCC_C_LANGUAGE_STANDARD = gnu99;
				GCC_WARN_64_TO_32_BIT_CONVERSION = YES;
				GCC_WARN_ABOUT_RETURN_TYPE = YES_ERROR;
				GCC_WARN_UNDECLARED_SELECTOR = YES;
				GCC_WARN_UNINITIALIZED_AUTOS = YES_AGGRESSIVE;
				GCC_WARN_UNUSED_FUNCTION = YES;
				GCC_WARN_UNUSED_VARIABLE = YES;
				IPHONEOS_DEPLOYMENT_TARGET = 8.1;
				MTL_ENABLE_DEBUG_INFO = NO;
				SDKROOT = iphoneos;
				TARGETED_DEVICE_FAMILY = "1,2";
				VALIDATE_PRODUCT = YES;
			};
			name = Release;
		};
		5ED36EFB19F9814F005495D3 /* Debug */ = {
			isa = XCBuildConfiguration;
			buildSettings = {
				ASSETCATALOG_COMPILER_APPICON_NAME = AppIcon;
				INFOPLIST_FILE = Nerdfeed/Info.plist;
				LD_RUNPATH_SEARCH_PATHS = "$(inherited) @executable_path/Frameworks";
				PRODUCT_NAME = "$(TARGET_NAME)";
			};
			name = Debug;
		};
		5ED36EFC19F9814F005495D3 /* Release */ = {
			isa = XCBuildConfiguration;
			buildSettings = {
				ASSETCATALOG_COMPILER_APPICON_NAME = AppIcon;
				INFOPLIST_FILE = Nerdfeed/Info.plist;
				LD_RUNPATH_SEARCH_PATHS = "$(inherited) @executable_path/Frameworks";
				PRODUCT_NAME = "$(TARGET_NAME)";
			};
			name = Release;
		};
		5ED36EFE19F9814F005495D3 /* Debug */ = {
			isa = XCBuildConfiguration;
			buildSettings = {
				BUNDLE_LOADER = "$(TEST_HOST)";
				FRAMEWORK_SEARCH_PATHS = (
					"$(SDKROOT)/Developer/Library/Frameworks",
					"$(inherited)",
				);
				GCC_PREPROCESSOR_DEFINITIONS = (
					"DEBUG=1",
					"$(inherited)",
				);
				INFOPLIST_FILE = NerdfeedTests/Info.plist;
				LD_RUNPATH_SEARCH_PATHS = "$(inherited) @executable_path/Frameworks @loader_path/Frameworks";
				PRODUCT_NAME = "$(TARGET_NAME)";
				TEST_HOST = "$(BUILT_PRODUCTS_DIR)/Nerdfeed.app/Nerdfeed";
			};
			name = Debug;
		};
		5ED36EFF19F9814F005495D3 /* Release */ = {
			isa = XCBuildConfiguration;
			buildSettings = {
				BUNDLE_LOADER = "$(TEST_HOST)";
				FRAMEWORK_SEARCH_PATHS = (
					"$(SDKROOT)/Developer/Library/Frameworks",
					"$(inherited)",
				);
				INFOPLIST_FILE = NerdfeedTests/Info.plist;
				LD_RUNPATH_SEARCH_PATHS = "$(inherited) @executable_path/Frameworks @loader_path/Frameworks";
				PRODUCT_NAME = "$(TARGET_NAME)";
				TEST_HOST = "$(BUILT_PRODUCTS_DIR)/Nerdfeed.app/Nerdfeed";
			};
			name = Release;
		};
/* End XCBuildConfiguration section */

/* Begin XCConfigurationList section */
		5ED36ED619F9814F005495D3 /* Build configuration list for PBXProject "Nerdfeed" */ = {
			isa = XCConfigurationList;
			buildConfigurations = (
				5ED36EF819F9814F005495D3 /* Debug */,
				5ED36EF919F9814F005495D3 /* Release */,
			);
			defaultConfigurationIsVisible = 0;
			defaultConfigurationName = Release;
		};
		5ED36EFA19F9814F005495D3 /* Build configuration list for PBXNativeTarget "Nerdfeed" */ = {
			isa = XCConfigurationList;
			buildConfigurations = (
				5ED36EFB19F9814F005495D3 /* Debug */,
				5ED36EFC19F9814F005495D3 /* Release */,
			);
			defaultConfigurationIsVisible = 0;
		};
		5ED36EFD19F9814F005495D3 /* Build configuration list for PBXNativeTarget "NerdfeedTests" */ = {
			isa = XCConfigurationList;
			buildConfigurations = (
				5ED36EFE19F9814F005495D3 /* Debug */,
				5ED36EFF19F9814F005495D3 /* Release */,
			);
			defaultConfigurationIsVisible = 0;
		};
/* End XCConfigurationList section */
	};
	rootObject = 5ED36ED319F9814F005495D3 /* Project object */;
}
